
Microsoft Visual Studio Solution File, Format Version 12.00
# Visual Studio 15
VisualStudioVersion = 15.0.27703.2042
MinimumVisualStudioVersion = 10.0.40219.1
Project("{FAE04EC0-301F-11D3-BF4B-00C04F79EFBC}") = "AnsweringQuestions", "AnsweringQuestions\AnsweringQuestions.csproj", "{FBCF0CA7-93FD-4DD7-96BD-DC9C5965C488}"
EndProject
Global
	GlobalSection(SolutionConfigurationPlatforms) = preSolution
		Debug|Any CPU = Debug|Any CPU
		Release|Any CPU = Release|Any CPU
	EndGlobalSection
	GlobalSection(ProjectConfigurationPlatforms) = postSolution
		{FBCF0CA7-93FD-4DD7-96BD-DC9C5965C488}.Debug|Any CPU.ActiveCfg = Debug|Any CPU
		{FBCF0CA7-93FD-4DD7-96BD-DC9C5965C488}.Debug|Any CPU.Build.0 = Debug|Any CPU
		{FBCF0CA7-93FD-4DD7-96BD-DC9C5965C488}.Release|Any CPU.ActiveCfg = Release|Any CPU
		{FBCF0CA7-93FD-4DD7-96BD-DC9C5965C488}.Release|Any CPU.Build.0 = Release|Any CPU
	EndGlobalSection
	GlobalSection(SolutionProperties) = preSolution
		HideSolutionNode = FALSE
	EndGlobalSection
	GlobalSection(ExtensibilityGlobals) = postSolution
		SolutionGuid = {9AFA5CE3-10EC-4F7C-90BF-49CD9AA55EF3}
	EndGlobalSection
EndGlobal
