
Microsoft Visual Studio Solution File, Format Version 12.00
# Visual Studio 15
VisualStudioVersion = 15.0.27004.2008
MinimumVisualStudioVersion = 10.0.40219.1
Project("{FAE04EC0-301F-11D3-BF4B-00C04F79EFBC}") = "Lab02_FiniteStateMachine", "Lab02_FiniteStateMachine\Lab02_FiniteStateMachine.csproj", "{1A090743-1684-43AA-898A-4682523DA2A5}"
EndProject
Global
	GlobalSection(SolutionConfigurationPlatforms) = preSolution
		Debug|Any CPU = Debug|Any CPU
		Release|Any CPU = Release|Any CPU
	EndGlobalSection
	GlobalSection(ProjectConfigurationPlatforms) = postSolution
		{1A090743-1684-43AA-898A-4682523DA2A5}.Debug|Any CPU.ActiveCfg = Debug|Any CPU
		{1A090743-1684-43AA-898A-4682523DA2A5}.Debug|Any CPU.Build.0 = Debug|Any CPU
		{1A090743-1684-43AA-898A-4682523DA2A5}.Release|Any CPU.ActiveCfg = Release|Any CPU
		{1A090743-1684-43AA-898A-4682523DA2A5}.Release|Any CPU.Build.0 = Release|Any CPU
	EndGlobalSection
	GlobalSection(SolutionProperties) = preSolution
		HideSolutionNode = FALSE
	EndGlobalSection
	GlobalSection(ExtensibilityGlobals) = postSolution
		SolutionGuid = {84505BBC-7D49-4985-B928-A2B00313019C}
	EndGlobalSection
EndGlobal
